<?xml version="1.0" encoding="utf-8"?>
<Project ToolsVersion="4.0" xmlns="http://schemas.microsoft.com/developer/msbuild/2003">
  <ItemGroup>
    <ClCompile Include="BackGround.cpp" />
    <ClCompile Include="cost.cpp" />
    <ClCompile Include="GameL\Audio.cpp" />
    <ClCompile Include="GameL\DirectXDevice.cpp" />
    <ClCompile Include="GameL\DrawFont.cpp" />
    <ClCompile Include="GameL\DrawTexture.cpp" />
    <ClCompile Include="GameL\GameL_Main.cpp" />
    <ClCompile Include="GameL\HitBoxManager.cpp" />
    <ClCompile Include="GameL\MultiThread.cpp" />
    <ClCompile Include="GameL\SceneManager.cpp" />
    <ClCompile Include="GameL\SceneObjManager.cpp" />
    <ClCompile Include="GameL\SetWindow.cpp" />
    <ClCompile Include="GameL\UserData.cpp" />
    <ClCompile Include="GameL\WinInputs.cpp" />
    <ClCompile Include="map.cpp" />
    <ClCompile Include="mouse.cpp" />
    <ClCompile Include="ObjTitle.cpp" />
    <ClCompile Include="point.cpp" />
    <ClCompile Include="SceneMain.cpp" />
    <ClCompile Include="test.cpp" />
    <ClCompile Include="SceneTitle.cpp" />
    <ClCompile Include="Deck.cpp">
      <Filter>Player</Filter>
    </ClCompile>
    <ClCompile Include="Card.cpp">
      <Filter>Player</Filter>
    </ClCompile>
    <ClCompile Include="Cardlist.cpp">
      <Filter>Player</Filter>
    </ClCompile>
    <ClCompile Include="EnemyCard.cpp">
      <Filter>Enemy</Filter>
    </ClCompile>
    <ClCompile Include="EnemyDeck.cpp">
      <Filter>Enemy</Filter>
    </ClCompile>
    <ClCompile Include="EnemyHand.cpp">
      <Filter>Enemy</Filter>
    </ClCompile>
    <ClCompile Include="HandCard.cpp">
      <Filter>Player</Filter>
    </ClCompile>
  </ItemGroup>
  <ItemGroup>
    <ClInclude Include="BackGround.h" />
    <ClInclude Include="GameHead.h" />
    <ClInclude Include="GameL\Audio.h" />
    <ClInclude Include="GameL\DirectXDevice.h" />
    <ClInclude Include="GameL\DrawFont.h" />
    <ClInclude Include="GameL\DrawTexture.h" />
    <ClInclude Include="GameL\HitBoxManager.h" />
    <ClInclude Include="GameL\MultiThread.h" />
    <ClInclude Include="GameL\SceneManager.h" />
    <ClInclude Include="GameL\SceneObjManager.h" />
    <ClInclude Include="GameL\SetWindow.h" />
    <ClInclude Include="GameL\UserData.h" />
    <ClInclude Include="GameL\WinInputs.h" />
    <ClInclude Include="main.h" />
    <ClInclude Include="map.h" />
    <ClInclude Include="mouse.h" />
    <ClInclude Include="ObjTitle.h" />
    <ClInclude Include="point.h" />
    <ClInclude Include="SceneMain.h" />
    <ClInclude Include="SceneTitle.h" />
    <ClInclude Include="Deck.h">
      <Filter>Player</Filter>
    </ClInclude>
    <ClInclude Include="Card.h">
      <Filter>Player</Filter>
    </ClInclude>
    <ClInclude Include="Cardlist.h">
      <Filter>Player</Filter>
    </ClInclude>
    <ClInclude Include="EnemyCard.h">
      <Filter>Enemy</Filter>
    </ClInclude>
    <ClInclude Include="EnemyDeck.h">
      <Filter>Enemy</Filter>
    </ClInclude>
    <ClInclude Include="EnemyHand.h">
      <Filter>Enemy</Filter>
    </ClInclude>
    <ClInclude Include="HandCard.h">
      <Filter>Player</Filter>
    </ClInclude>
  </ItemGroup>
  <ItemGroup>
    <Filter Include="Player">
      <UniqueIdentifier>{2673106d-e69e-44d2-a190-51ed0f0fd67f}</UniqueIdentifier>
    </Filter>
    <Filter Include="Enemy">
      <UniqueIdentifier>{a345152b-f611-4100-bfcb-32bad005553e}</UniqueIdentifier>
    </Filter>
  </ItemGroup>
</Project>